%{
  "cloak": {:hex, :cloak, "1.1.2", "7e0006c2b0b98d976d4f559080fabefd81f0e0a50a3c4b621f85ceeb563e80bb", [:mix], [{:jason, "~> 1.0", [hex: :jason, repo: "hexpm", optional: true]}], "hexpm", "940d5ac4fcd51b252930fd112e319ea5ae6ab540b722f3ca60a85666759b9585"},
  "comeonin": {:hex, :comeonin, "5.4.0", "246a56ca3f41d404380fc6465650ddaa532c7f98be4bda1b4656b3a37cc13abe", [:mix], [], "hexpm", "796393a9e50d01999d56b7b8420ab0481a7538d0caf80919da493b4a6e51faf1"},
}
